
Microsoft Visual Studio Solution File, Format Version 12.00
# Visual Studio Version 17
VisualStudioVersion = 17.1.32421.90
MinimumVisualStudioVersion = 10.0.40219.1
Project("{9A19103F-16F7-4668-BE54-9A1E7A4F7556}") = "SimpleETL.Business", "SimpleETL.Business\SimpleETL.Business.csproj", "{871458C6-D1BA-48AB-A100-49933E56366C}"
EndProject
Project("{2150E333-8FDC-42A3-9474-1A3956D46DE8}") = "Server", "Server", "{4BBE0A25-F5DB-4DA1-8931-665BD4F998B1}"
EndProject
Project("{9A19103F-16F7-4668-BE54-9A1E7A4F7556}") = "SimpleETL.DB.Common", "SimpleETL.DB.Common\SimpleETL.DB.Common.csproj", "{716ED0F8-0F1E-48FC-99AC-BF5110A35423}"
EndProject
Project("{9A19103F-16F7-4668-BE54-9A1E7A4F7556}") = "SimpleETL.DB.Trans", "SimpleETL.DB.Trans\SimpleETL.DB.Trans.csproj", "{48BF8942-9F7C-4A6C-B1C7-1307E4D35710}"
EndProject
Project("{9A19103F-16F7-4668-BE54-9A1E7A4F7556}") = "SimpleETL.ConsoleHost", "SimpleETL.ConsoleHost\SimpleETL.ConsoleHost.csproj", "{663BF8DA-837F-4E2B-8E6F-2F876BB6B46F}"
EndProject
Project("{9A19103F-16F7-4668-BE54-9A1E7A4F7556}") = "SimpleETL.DB.Encrypt", "SimpleETL.DB.Encrypt\SimpleETL.DB.Encrypt.csproj", "{90D46531-9792-45A8-A08E-AA1A84702A38}"
EndProject
Project("{FAE04EC0-301F-11D3-BF4B-00C04F79EFBC}") = "SimpleETL.Util", "SimpleETL.Util\SimpleETL.Util.csproj", "{B767E397-0774-4690-A2E5-5C265B346E16}"
EndProject
Global
	GlobalSection(SolutionConfigurationPlatforms) = preSolution
		Debug|Any CPU = Debug|Any CPU
		Release|Any CPU = Release|Any CPU
	EndGlobalSection
	GlobalSection(ProjectConfigurationPlatforms) = postSolution
		{871458C6-D1BA-48AB-A100-49933E56366C}.Debug|Any CPU.ActiveCfg = Debug|Any CPU
		{871458C6-D1BA-48AB-A100-49933E56366C}.Debug|Any CPU.Build.0 = Debug|Any CPU
		{871458C6-D1BA-48AB-A100-49933E56366C}.Release|Any CPU.ActiveCfg = Release|Any CPU
		{871458C6-D1BA-48AB-A100-49933E56366C}.Release|Any CPU.Build.0 = Release|Any CPU
		{716ED0F8-0F1E-48FC-99AC-BF5110A35423}.Debug|Any CPU.ActiveCfg = Debug|Any CPU
		{716ED0F8-0F1E-48FC-99AC-BF5110A35423}.Debug|Any CPU.Build.0 = Debug|Any CPU
		{716ED0F8-0F1E-48FC-99AC-BF5110A35423}.Release|Any CPU.ActiveCfg = Release|Any CPU
		{716ED0F8-0F1E-48FC-99AC-BF5110A35423}.Release|Any CPU.Build.0 = Release|Any CPU
		{48BF8942-9F7C-4A6C-B1C7-1307E4D35710}.Debug|Any CPU.ActiveCfg = Debug|Any CPU
		{48BF8942-9F7C-4A6C-B1C7-1307E4D35710}.Debug|Any CPU.Build.0 = Debug|Any CPU
		{48BF8942-9F7C-4A6C-B1C7-1307E4D35710}.Release|Any CPU.ActiveCfg = Release|Any CPU
		{48BF8942-9F7C-4A6C-B1C7-1307E4D35710}.Release|Any CPU.Build.0 = Release|Any CPU
		{663BF8DA-837F-4E2B-8E6F-2F876BB6B46F}.Debug|Any CPU.ActiveCfg = Debug|Any CPU
		{663BF8DA-837F-4E2B-8E6F-2F876BB6B46F}.Debug|Any CPU.Build.0 = Debug|Any CPU
		{663BF8DA-837F-4E2B-8E6F-2F876BB6B46F}.Release|Any CPU.ActiveCfg = Release|Any CPU
		{663BF8DA-837F-4E2B-8E6F-2F876BB6B46F}.Release|Any CPU.Build.0 = Release|Any CPU
		{90D46531-9792-45A8-A08E-AA1A84702A38}.Debug|Any CPU.ActiveCfg = Debug|Any CPU
		{90D46531-9792-45A8-A08E-AA1A84702A38}.Debug|Any CPU.Build.0 = Debug|Any CPU
		{90D46531-9792-45A8-A08E-AA1A84702A38}.Release|Any CPU.ActiveCfg = Release|Any CPU
		{90D46531-9792-45A8-A08E-AA1A84702A38}.Release|Any CPU.Build.0 = Release|Any CPU
		{B767E397-0774-4690-A2E5-5C265B346E16}.Debug|Any CPU.ActiveCfg = Debug|Any CPU
		{B767E397-0774-4690-A2E5-5C265B346E16}.Debug|Any CPU.Build.0 = Debug|Any CPU
		{B767E397-0774-4690-A2E5-5C265B346E16}.Release|Any CPU.ActiveCfg = Release|Any CPU
		{B767E397-0774-4690-A2E5-5C265B346E16}.Release|Any CPU.Build.0 = Release|Any CPU
	EndGlobalSection
	GlobalSection(SolutionProperties) = preSolution
		HideSolutionNode = FALSE
	EndGlobalSection
	GlobalSection(NestedProjects) = preSolution
		{663BF8DA-837F-4E2B-8E6F-2F876BB6B46F} = {4BBE0A25-F5DB-4DA1-8931-665BD4F998B1}
	EndGlobalSection
	GlobalSection(ExtensibilityGlobals) = postSolution
		SolutionGuid = {8AD987A0-1E55-409C-8F2A-AF7D1C82321F}
	EndGlobalSection
EndGlobal
